// !$*UTF8*$!
{
	archiveVersion = 1;
	classes = {
	};
	objectVersion = 46;
	objects = {

/* Begin PBXBuildFile section */
		CED109E51CC74B5100D53716 /* JSONStylesheet.swift in Sources */ = {isa = PBXBuildFile; fileRef = CED109E41CC74B5100D53716 /* JSONStylesheet.swift */; };
		CED109E71CC7571E00D53716 /* stylesheet.json in Resources */ = {isa = PBXBuildFile; fileRef = CED109E61CC7571E00D53716 /* stylesheet.json */; };
		CEFD1AFA1C9FC465008D762D /* AppDelegate.swift in Sources */ = {isa = PBXBuildFile; fileRef = CEFD1AF91C9FC465008D762D /* AppDelegate.swift */; };
		CEFD1AFF1C9FC465008D762D /* Main.storyboard in Resources */ = {isa = PBXBuildFile; fileRef = CEFD1AFD1C9FC465008D762D /* Main.storyboard */; };
		CEFD1B011C9FC465008D762D /* Assets.xcassets in Resources */ = {isa = PBXBuildFile; fileRef = CEFD1B001C9FC465008D762D /* Assets.xcassets */; };
		CEFD1B041C9FC465008D762D /* LaunchScreen.storyboard in Resources */ = {isa = PBXBuildFile; fileRef = CEFD1B021C9FC465008D762D /* LaunchScreen.storyboard */; };
		CEFD1B0F1C9FC465008D762D /* StylishExampleTests.swift in Sources */ = {isa = PBXBuildFile; fileRef = CEFD1B0E1C9FC465008D762D /* StylishExampleTests.swift */; };
		CEFD1B1A1C9FC465008D762D /* StylishExampleUITests.swift in Sources */ = {isa = PBXBuildFile; fileRef = CEFD1B191C9FC465008D762D /* StylishExampleUITests.swift */; };
		CEFD1B2B1C9FC492008D762D /* Stylish.swift in Sources */ = {isa = PBXBuildFile; fileRef = CEFD1B271C9FC492008D762D /* Stylish.swift */; };
		CEFD1B2C1C9FC492008D762D /* Aqua.swift in Sources */ = {isa = PBXBuildFile; fileRef = CEFD1B281C9FC492008D762D /* Aqua.swift */; };
		CEFD1B2D1C9FC492008D762D /* Graphite.swift in Sources */ = {isa = PBXBuildFile; fileRef = CEFD1B291C9FC492008D762D /* Graphite.swift */; };
		CEFD1B2E1C9FC492008D762D /* ProgressBar.swift in Sources */ = {isa = PBXBuildFile; fileRef = CEFD1B2A1C9FC492008D762D /* ProgressBar.swift */; };
/* End PBXBuildFile section */

/* Begin PBXContainerItemProxy section */
		CEFD1B0B1C9FC465008D762D /* PBXContainerItemProxy */ = {
			isa = PBXContainerItemProxy;
			containerPortal = CEFD1AEE1C9FC465008D762D /* Project object */;
			proxyType = 1;
			remoteGlobalIDString = CEFD1AF51C9FC465008D762D;
			remoteInfo = StylishExample;
		};
		CEFD1B161C9FC465008D762D /* PBXContainerItemProxy */ = {
			isa = PBXContainerItemProxy;
			containerPortal = CEFD1AEE1C9FC465008D762D /* Project object */;
			proxyType = 1;
			remoteGlobalIDString = CEFD1AF51C9FC465008D762D;
			remoteInfo = StylishExample;
		};
/* End PBXContainerItemProxy section */

/* Begin PBXFileReference section */
		CED109E41CC74B5100D53716 /* JSONStylesheet.swift */ = {isa = PBXFileReference; fileEncoding = 4; lastKnownFileType = sourcecode.swift; path = JSONStylesheet.swift; sourceTree = "<group>"; };
		CED109E61CC7571E00D53716 /* stylesheet.json */ = {isa = PBXFileReference; fileEncoding = 4; lastKnownFileType = text.json; path = stylesheet.json; sourceTree = "<group>"; };
		CEFD1AF61C9FC465008D762D /* StylishExample.app */ = {isa = PBXFileReference; explicitFileType = wrapper.application; includeInIndex = 0; path = StylishExample.app; sourceTree = BUILT_PRODUCTS_DIR; };
		CEFD1AF91C9FC465008D762D /* AppDelegate.swift */ = {isa = PBXFileReference; lastKnownFileType = sourcecode.swift; path = AppDelegate.swift; sourceTree = "<group>"; };
		CEFD1AFE1C9FC465008D762D /* Base */ = {isa = PBXFileReference; lastKnownFileType = file.storyboard; name = Base; path = Base.lproj/Main.storyboard; sourceTree = "<group>"; };
		CEFD1B001C9FC465008D762D /* Assets.xcassets */ = {isa = PBXFileReference; lastKnownFileType = folder.assetcatalog; path = Assets.xcassets; sourceTree = "<group>"; };
		CEFD1B031C9FC465008D762D /* Base */ = {isa = PBXFileReference; lastKnownFileType = file.storyboard; name = Base; path = Base.lproj/LaunchScreen.storyboard; sourceTree = "<group>"; };
		CEFD1B051C9FC465008D762D /* Info.plist */ = {isa = PBXFileReference; lastKnownFileType = text.plist.xml; path = Info.plist; sourceTree = "<group>"; };
		CEFD1B0A1C9FC465008D762D /* StylishExampleTests.xctest */ = {isa = PBXFileReference; explicitFileType = wrapper.cfbundle; includeInIndex = 0; path = StylishExampleTests.xctest; sourceTree = BUILT_PRODUCTS_DIR; };
		CEFD1B0E1C9FC465008D762D /* StylishExampleTests.swift */ = {isa = PBXFileReference; lastKnownFileType = sourcecode.swift; path = StylishExampleTests.swift; sourceTree = "<group>"; };
		CEFD1B101C9FC465008D762D /* Info.plist */ = {isa = PBXFileReference; lastKnownFileType = text.plist.xml; path = Info.plist; sourceTree = "<group>"; };
		CEFD1B151C9FC465008D762D /* StylishExampleUITests.xctest */ = {isa = PBXFileReference; explicitFileType = wrapper.cfbundle; includeInIndex = 0; path = StylishExampleUITests.xctest; sourceTree = BUILT_PRODUCTS_DIR; };
		CEFD1B191C9FC465008D762D /* StylishExampleUITests.swift */ = {isa = PBXFileReference; lastKnownFileType = sourcecode.swift; path = StylishExampleUITests.swift; sourceTree = "<group>"; };
		CEFD1B1B1C9FC465008D762D /* Info.plist */ = {isa = PBXFileReference; lastKnownFileType = text.plist.xml; path = Info.plist; sourceTree = "<group>"; };
		CEFD1B271C9FC492008D762D /* Stylish.swift */ = {isa = PBXFileReference; fileEncoding = 4; lastKnownFileType = sourcecode.swift; path = Stylish.swift; sourceTree = "<group>"; };
		CEFD1B281C9FC492008D762D /* Aqua.swift */ = {isa = PBXFileReference; fileEncoding = 4; lastKnownFileType = sourcecode.swift; path = Aqua.swift; sourceTree = "<group>"; };
		CEFD1B291C9FC492008D762D /* Graphite.swift */ = {isa = PBXFileReference; fileEncoding = 4; lastKnownFileType = sourcecode.swift; path = Graphite.swift; sourceTree = "<group>"; };
		CEFD1B2A1C9FC492008D762D /* ProgressBar.swift */ = {isa = PBXFileReference; fileEncoding = 4; lastKnownFileType = sourcecode.swift; path = ProgressBar.swift; sourceTree = "<group>"; };
/* End PBXFileReference section */

/* Begin PBXFrameworksBuildPhase section */
		CEFD1AF31C9FC465008D762D /* Frameworks */ = {
			isa = PBXFrameworksBuildPhase;
			buildActionMask = 2147483647;
			files = (
			);
			runOnlyForDeploymentPostprocessing = 0;
		};
		CEFD1B071C9FC465008D762D /* Frameworks */ = {
			isa = PBXFrameworksBuildPhase;
			buildActionMask = 2147483647;
			files = (
			);
			runOnlyForDeploymentPostprocessing = 0;
		};
		CEFD1B121C9FC465008D762D /* Frameworks */ = {
			isa = PBXFrameworksBuildPhase;
			buildActionMask = 2147483647;
			files = (
			);
			runOnlyForDeploymentPostprocessing = 0;
		};
/* End PBXFrameworksBuildPhase section */

/* Begin PBXGroup section */
		CEFD1AED1C9FC465008D762D = {
			isa = PBXGroup;
			children = (
				CEFD1AF81C9FC465008D762D /* StylishExample */,
				CEFD1B0D1C9FC465008D762D /* StylishExampleTests */,
				CEFD1B181C9FC465008D762D /* StylishExampleUITests */,
				CEFD1AF71C9FC465008D762D /* Products */,
			);
			sourceTree = "<group>";
		};
		CEFD1AF71C9FC465008D762D /* Products */ = {
			isa = PBXGroup;
			children = (
				CEFD1AF61C9FC465008D762D /* StylishExample.app */,
				CEFD1B0A1C9FC465008D762D /* StylishExampleTests.xctest */,
				CEFD1B151C9FC465008D762D /* StylishExampleUITests.xctest */,
			);
			name = Products;
			sourceTree = "<group>";
		};
		CEFD1AF81C9FC465008D762D /* StylishExample */ = {
			isa = PBXGroup;
			children = (
				CEFD1AF91C9FC465008D762D /* AppDelegate.swift */,
				CEFD1AFD1C9FC465008D762D /* Main.storyboard */,
				CEFD1B001C9FC465008D762D /* Assets.xcassets */,
				CEFD1B021C9FC465008D762D /* LaunchScreen.storyboard */,
				CEFD1B051C9FC465008D762D /* Info.plist */,
				CEFD1B2A1C9FC492008D762D /* ProgressBar.swift */,
				CEFD1B281C9FC492008D762D /* Aqua.swift */,
				CEFD1B291C9FC492008D762D /* Graphite.swift */,
				CEFD1B271C9FC492008D762D /* Stylish.swift */,
				CED109E61CC7571E00D53716 /* stylesheet.json */,
				CED109E41CC74B5100D53716 /* JSONStylesheet.swift */,
			);
			path = StylishExample;
			sourceTree = "<group>";
		};
		CEFD1B0D1C9FC465008D762D /* StylishExampleTests */ = {
			isa = PBXGroup;
			children = (
				CEFD1B0E1C9FC465008D762D /* StylishExampleTests.swift */,
				CEFD1B101C9FC465008D762D /* Info.plist */,
			);
			path = StylishExampleTests;
			sourceTree = "<group>";
		};
		CEFD1B181C9FC465008D762D /* StylishExampleUITests */ = {
			isa = PBXGroup;
			children = (
				CEFD1B191C9FC465008D762D /* StylishExampleUITests.swift */,
				CEFD1B1B1C9FC465008D762D /* Info.plist */,
			);
			path = StylishExampleUITests;
			sourceTree = "<group>";
		};
/* End PBXGroup section */

/* Begin PBXNativeTarget section */
		CEFD1AF51C9FC465008D762D /* StylishExample */ = {
			isa = PBXNativeTarget;
			buildConfigurationList = CEFD1B1E1C9FC465008D762D /* Build configuration list for PBXNativeTarget "StylishExample" */;
			buildPhases = (
				CEFD1AF21C9FC465008D762D /* Sources */,
				CEFD1AF31C9FC465008D762D /* Frameworks */,
				CEFD1AF41C9FC465008D762D /* Resources */,
			);
			buildRules = (
			);
			dependencies = (
			);
			name = StylishExample;
			productName = StylishExample;
			productReference = CEFD1AF61C9FC465008D762D /* StylishExample.app */;
			productType = "com.apple.product-type.application";
		};
		CEFD1B091C9FC465008D762D /* StylishExampleTests */ = {
			isa = PBXNativeTarget;
			buildConfigurationList = CEFD1B211C9FC465008D762D /* Build configuration list for PBXNativeTarget "StylishExampleTests" */;
			buildPhases = (
				CEFD1B061C9FC465008D762D /* Sources */,
				CEFD1B071C9FC465008D762D /* Frameworks */,
				CEFD1B081C9FC465008D762D /* Resources */,
			);
			buildRules = (
			);
			dependencies = (
				CEFD1B0C1C9FC465008D762D /* PBXTargetDependency */,
			);
			name = StylishExampleTests;
			productName = StylishExampleTests;
			productReference = CEFD1B0A1C9FC465008D762D /* StylishExampleTests.xctest */;
			productType = "com.apple.product-type.bundle.unit-test";
		};
		CEFD1B141C9FC465008D762D /* StylishExampleUITests */ = {
			isa = PBXNativeTarget;
			buildConfigurationList = CEFD1B241C9FC465008D762D /* Build configuration list for PBXNativeTarget "StylishExampleUITests" */;
			buildPhases = (
				CEFD1B111C9FC465008D762D /* Sources */,
				CEFD1B121C9FC465008D762D /* Frameworks */,
				CEFD1B131C9FC465008D762D /* Resources */,
			);
			buildRules = (
			);
			dependencies = (
				CEFD1B171C9FC465008D762D /* PBXTargetDependency */,
			);
			name = StylishExampleUITests;
			productName = StylishExampleUITests;
			productReference = CEFD1B151C9FC465008D762D /* StylishExampleUITests.xctest */;
			productType = "com.apple.product-type.bundle.ui-testing";
		};
/* End PBXNativeTarget section */

/* Begin PBXProject section */
		CEFD1AEE1C9FC465008D762D /* Project object */ = {
			isa = PBXProject;
			attributes = {
				LastSwiftUpdateCheck = 0720;
				LastUpgradeCheck = 0720;
				ORGANIZATIONNAME = "Daniel Hall";
				TargetAttributes = {
					CEFD1AF51C9FC465008D762D = {
						CreatedOnToolsVersion = 7.2.1;
					};
					CEFD1B091C9FC465008D762D = {
						CreatedOnToolsVersion = 7.2.1;
						TestTargetID = CEFD1AF51C9FC465008D762D;
					};
					CEFD1B141C9FC465008D762D = {
						CreatedOnToolsVersion = 7.2.1;
						TestTargetID = CEFD1AF51C9FC465008D762D;
					};
				};
			};
			buildConfigurationList = CEFD1AF11C9FC465008D762D /* Build configuration list for PBXProject "StylishExample" */;
			compatibilityVersion = "Xcode 3.2";
			developmentRegion = English;
			hasScannedForEncodings = 0;
			knownRegions = (
				en,
				Base,
			);
			mainGroup = CEFD1AED1C9FC465008D762D;
			productRefGroup = CEFD1AF71C9FC465008D762D /* Products */;
			projectDirPath = "";
			projectRoot = "";
			targets = (
				CEFD1AF51C9FC465008D762D /* StylishExample */,
				CEFD1B091C9FC465008D762D /* StylishExampleTests */,
				CEFD1B141C9FC465008D762D /* StylishExampleUITests */,
			);
		};
/* End PBXProject section */

/* Begin PBXResourcesBuildPhase section */
		CEFD1AF41C9FC465008D762D /* Resources */ = {
			isa = PBXResourcesBuildPhase;
			buildActionMask = 2147483647;
			files = (
				CEFD1B041C9FC465008D762D /* LaunchScreen.storyboard in Resources */,
				CED109E71CC7571E00D53716 /* stylesheet.json in Resources */,
				CEFD1B011C9FC465008D762D /* Assets.xcassets in Resources */,
				CEFD1AFF1C9FC465008D762D /* Main.storyboard in Resources */,
			);
			runOnlyForDeploymentPostprocessing = 0;
		};
		CEFD1B081C9FC465008D762D /* Resources */ = {
			isa = PBXResourcesBuildPhase;
			buildActionMask = 2147483647;
			files = (
			);
			runOnlyForDeploymentPostprocessing = 0;
		};
		CEFD1B131C9FC465008D762D /* Resources */ = {
			isa = PBXResourcesBuildPhase;
			buildActionMask = 2147483647;
			files = (
			);
			runOnlyForDeploymentPostprocessing = 0;
		};
/* End PBXResourcesBuildPhase section */

/* Begin PBXSourcesBuildPhase section */
		CEFD1AF21C9FC465008D762D /* Sources */ = {
			isa = PBXSourcesBuildPhase;
			buildActionMask = 2147483647;
			files = (
				CEFD1B2B1C9FC492008D762D /* Stylish.swift in Sources */,
				CEFD1B2D1C9FC492008D762D /* Graphite.swift in Sources */,
				CEFD1B2C1C9FC492008D762D /* Aqua.swift in Sources */,
				CEFD1B2E1C9FC492008D762D /* ProgressBar.swift in Sources */,
				CEFD1AFA1C9FC465008D762D /* AppDelegate.swift in Sources */,
				CED109E51CC74B5100D53716 /* JSONStylesheet.swift in Sources */,
			);
			runOnlyForDeploymentPostprocessing = 0;
		};
		CEFD1B061C9FC465008D762D /* Sources */ = {
			isa = PBXSourcesBuildPhase;
			buildActionMask = 2147483647;
			files = (
				CEFD1B0F1C9FC465008D762D /* StylishExampleTests.swift in Sources */,
			);
			runOnlyForDeploymentPostprocessing = 0;
		};
		CEFD1B111C9FC465008D762D /* Sources */ = {
			isa = PBXSourcesBuildPhase;
			buildActionMask = 2147483647;
			files = (
				CEFD1B1A1C9FC465008D762D /* StylishExampleUITests.swift in Sources */,
			);
			runOnlyForDeploymentPostprocessing = 0;
		};
/* End PBXSourcesBuildPhase section */

/* Begin PBXTargetDependency section */
		CEFD1B0C1C9FC465008D762D /* PBXTargetDependency */ = {
			isa = PBXTargetDependency;
			target = CEFD1AF51C9FC465008D762D /* StylishExample */;
			targetProxy = CEFD1B0B1C9FC465008D762D /* PBXContainerItemProxy */;
		};
		CEFD1B171C9FC465008D762D /* PBXTargetDependency */ = {
			isa = PBXTargetDependency;
			target = CEFD1AF51C9FC465008D762D /* StylishExample */;
			targetProxy = CEFD1B161C9FC465008D762D /* PBXContainerItemProxy */;
		};
/* End PBXTargetDependency section */

/* Begin PBXVariantGroup section */
		CEFD1AFD1C9FC465008D762D /* Main.storyboard */ = {
			isa = PBXVariantGroup;
			children = (
				CEFD1AFE1C9FC465008D762D /* Base */,
			);
			name = Main.storyboard;
			sourceTree = "<group>";
		};
		CEFD1B021C9FC465008D762D /* LaunchScreen.storyboard */ = {
			isa = PBXVariantGroup;
			children = (
				CEFD1B031C9FC465008D762D /* Base */,
			);
			name = LaunchScreen.storyboard;
			sourceTree = "<group>";
		};
/* End PBXVariantGroup section */

/* Begin XCBuildConfiguration section */
		CEFD1B1C1C9FC465008D762D /* Debug */ = {
			isa = XCBuildConfiguration;
			buildSettings = {
				ALWAYS_SEARCH_USER_PATHS = NO;
				CLANG_CXX_LANGUAGE_STANDARD = "gnu++0x";
				CLANG_CXX_LIBRARY = "libc++";
				CLANG_ENABLE_MODULES = YES;
				CLANG_ENABLE_OBJC_ARC = YES;
				CLANG_WARN_BOOL_CONVERSION = YES;
				CLANG_WARN_CONSTANT_CONVERSION = YES;
				CLANG_WARN_DIRECT_OBJC_ISA_USAGE = YES_ERROR;
				CLANG_WARN_EMPTY_BODY = YES;
				CLANG_WARN_ENUM_CONVERSION = YES;
				CLANG_WARN_INT_CONVERSION = YES;
				CLANG_WARN_OBJC_ROOT_CLASS = YES_ERROR;
				CLANG_WARN_UNREACHABLE_CODE = YES;
				CLANG_WARN__DUPLICATE_METHOD_MATCH = YES;
				"CODE_SIGN_IDENTITY[sdk=iphoneos*]" = "iPhone Developer";
				COPY_PHASE_STRIP = NO;
				DEBUG_INFORMATION_FORMAT = dwarf;
				ENABLE_STRICT_OBJC_MSGSEND = YES;
				ENABLE_TESTABILITY = YES;
				GCC_C_LANGUAGE_STANDARD = gnu99;
				GCC_DYNAMIC_NO_PIC = NO;
				GCC_NO_COMMON_BLOCKS = YES;
				GCC_OPTIMIZATION_LEVEL = 0;
				GCC_PREPROCESSOR_DEFINITIONS = (
					"DEBUG=1",
					"$(inherited)",
				);
				GCC_WARN_64_TO_32_BIT_CONVERSION = YES;
				GCC_WARN_ABOUT_RETURN_TYPE = YES_ERROR;
				GCC_WARN_UNDECLARED_SELECTOR = YES;
				GCC_WARN_UNINITIALIZED_AUTOS = YES_AGGRESSIVE;
				GCC_WARN_UNUSED_FUNCTION = YES;
				GCC_WARN_UNUSED_VARIABLE = YES;
				IPHONEOS_DEPLOYMENT_TARGET = 9.2;
				MTL_ENABLE_DEBUG_INFO = YES;
				ONLY_ACTIVE_ARCH = YES;
				SDKROOT = iphoneos;
				SWIFT_OPTIMIZATION_LEVEL = "-Onone";
				TARGETED_DEVICE_FAMILY = "1,2";
			};
			name = Debug;
		};
		CEFD1B1D1C9FC465008D762D /* Release */ = {
			isa = XCBuildConfiguration;
			buildSettings = {
				ALWAYS_SEARCH_USER_PATHS = NO;
				CLANG_CXX_LANGUAGE_STANDARD = "gnu++0x";
				CLANG_CXX_LIBRARY = "libc++";
				CLANG_ENABLE_MODULES = YES;
				CLANG_ENABLE_OBJC_ARC = YES;
				CLANG_WARN_BOOL_CONVERSION = YES;
				CLANG_WARN_CONSTANT_CONVERSION = YES;
				CLANG_WARN_DIRECT_OBJC_ISA_USAGE = YES_ERROR;
				CLANG_WARN_EMPTY_BODY = YES;
				CLANG_WARN_ENUM_CONVERSION = YES;
				CLANG_WARN_INT_CONVERSION = YES;
				CLANG_WARN_OBJC_ROOT_CLASS = YES_ERROR;
				CLANG_WARN_UNREACHABLE_CODE = YES;
				CLANG_WARN__DUPLICATE_METHOD_MATCH = YES;
				"CODE_SIGN_IDENTITY[sdk=iphoneos*]" = "iPhone Developer";
				COPY_PHASE_STRIP = NO;
				DEBUG_INFORMATION_FORMAT = "dwarf-with-dsym";
				ENABLE_NS_ASSERTIONS = NO;
				ENABLE_STRICT_OBJC_MSGSEND = YES;
				GCC_C_LANGUAGE_STANDARD = gnu99;
				GCC_NO_COMMON_BLOCKS = YES;
				GCC_WARN_64_TO_32_BIT_CONVERSION = YES;
				GCC_WARN_ABOUT_RETURN_TYPE = YES_ERROR;
				GCC_WARN_UNDECLARED_SELECTOR = YES;
				GCC_WARN_UNINITIALIZED_AUTOS = YES_AGGRESSIVE;
				GCC_WARN_UNUSED_FUNCTION = YES;
				GCC_WARN_UNUSED_VARIABLE = YES;
				IPHONEOS_DEPLOYMENT_TARGET = 9.2;
				MTL_ENABLE_DEBUG_INFO = NO;
				SDKROOT = iphoneos;
				TARGETED_DEVICE_FAMILY = "1,2";
				VALIDATE_PRODUCT = YES;
			};
			name = Release;
		};
		CEFD1B1F1C9FC465008D762D /* Debug */ = {
			isa = XCBuildConfiguration;
			buildSettings = {
				ASSETCATALOG_COMPILER_APPICON_NAME = AppIcon;
				INFOPLIST_FILE = StylishExample/Info.plist;
				LD_RUNPATH_SEARCH_PATHS = "$(inherited) @executable_path/Frameworks";
				PRODUCT_BUNDLE_IDENTIFIER = io.danielhall.StylishExample;
				PRODUCT_NAME = "$(TARGET_NAME)";
			};
			name = Debug;
		};
		CEFD1B201C9FC465008D762D /* Release */ = {
			isa = XCBuildConfiguration;
			buildSettings = {
				ASSETCATALOG_COMPILER_APPICON_NAME = AppIcon;
				INFOPLIST_FILE = StylishExample/Info.plist;
				LD_RUNPATH_SEARCH_PATHS = "$(inherited) @executable_path/Frameworks";
				PRODUCT_BUNDLE_IDENTIFIER = io.danielhall.StylishExample;
				PRODUCT_NAME = "$(TARGET_NAME)";
			};
			name = Release;
		};
		CEFD1B221C9FC465008D762D /* Debug */ = {
			isa = XCBuildConfiguration;
			buildSettings = {
				BUNDLE_LOADER = "$(TEST_HOST)";
				INFOPLIST_FILE = StylishExampleTests/Info.plist;
				LD_RUNPATH_SEARCH_PATHS = "$(inherited) @executable_path/Frameworks @loader_path/Frameworks";
				PRODUCT_BUNDLE_IDENTIFIER = io.danielhall.StylishExampleTests;
				PRODUCT_NAME = "$(TARGET_NAME)";
				TEST_HOST = "$(BUILT_PRODUCTS_DIR)/StylishExample.app/StylishExample";
			};
			name = Debug;
		};
		CEFD1B231C9FC465008D762D /* Release */ = {
			isa = XCBuildConfiguration;
			buildSettings = {
				BUNDLE_LOADER = "$(TEST_HOST)";
				INFOPLIST_FILE = StylishExampleTests/Info.plist;
				LD_RUNPATH_SEARCH_PATHS = "$(inherited) @executable_path/Frameworks @loader_path/Frameworks";
				PRODUCT_BUNDLE_IDENTIFIER = io.danielhall.StylishExampleTests;
				PRODUCT_NAME = "$(TARGET_NAME)";
				TEST_HOST = "$(BUILT_PRODUCTS_DIR)/StylishExample.app/StylishExample";
			};
			name = Release;
		};
		CEFD1B251C9FC465008D762D /* Debug */ = {
			isa = XCBuildConfiguration;
			buildSettings = {
				INFOPLIST_FILE = StylishExampleUITests/Info.plist;
				LD_RUNPATH_SEARCH_PATHS = "$(inherited) @executable_path/Frameworks @loader_path/Frameworks";
				PRODUCT_BUNDLE_IDENTIFIER = io.danielhall.StylishExampleUITests;
				PRODUCT_NAME = "$(TARGET_NAME)";
				TEST_TARGET_NAME = StylishExample;
				USES_XCTRUNNER = YES;
			};
			name = Debug;
		};
		CEFD1B261C9FC465008D762D /* Release */ = {
			isa = XCBuildConfiguration;
			buildSettings = {
				INFOPLIST_FILE = StylishExampleUITests/Info.plist;
				LD_RUNPATH_SEARCH_PATHS = "$(inherited) @executable_path/Frameworks @loader_path/Frameworks";
				PRODUCT_BUNDLE_IDENTIFIER = io.danielhall.StylishExampleUITests;
				PRODUCT_NAME = "$(TARGET_NAME)";
				TEST_TARGET_NAME = StylishExample;
				USES_XCTRUNNER = YES;
			};
			name = Release;
		};
/* End XCBuildConfiguration section */

/* Begin XCConfigurationList section */
		CEFD1AF11C9FC465008D762D /* Build configuration list for PBXProject "StylishExample" */ = {
			isa = XCConfigurationList;
			buildConfigurations = (
				CEFD1B1C1C9FC465008D762D /* Debug */,
				CEFD1B1D1C9FC465008D762D /* Release */,
			);
			defaultConfigurationIsVisible = 0;
			defaultConfigurationName = Release;
		};
		CEFD1B1E1C9FC465008D762D /* Build configuration list for PBXNativeTarget "StylishExample" */ = {
			isa = XCConfigurationList;
			buildConfigurations = (
				CEFD1B1F1C9FC465008D762D /* Debug */,
				CEFD1B201C9FC465008D762D /* Release */,
			);
			defaultConfigurationIsVisible = 0;
			defaultConfigurationName = Release;
		};
		CEFD1B211C9FC465008D762D /* Build configuration list for PBXNativeTarget "StylishExampleTests" */ = {
			isa = XCConfigurationList;
			buildConfigurations = (
				CEFD1B221C9FC465008D762D /* Debug */,
				CEFD1B231C9FC465008D762D /* Release */,
			);
			defaultConfigurationIsVisible = 0;
			defaultConfigurationName = Release;
		};
		CEFD1B241C9FC465008D762D /* Build configuration list for PBXNativeTarget "StylishExampleUITests" */ = {
			isa = XCConfigurationList;
			buildConfigurations = (
				CEFD1B251C9FC465008D762D /* Debug */,
				CEFD1B261C9FC465008D762D /* Release */,
			);
			defaultConfigurationIsVisible = 0;
			defaultConfigurationName = Release;
		};
/* End XCConfigurationList section */
	};
	rootObject = CEFD1AEE1C9FC465008D762D /* Project object */;
}
